
Microsoft Visual Studio Solution File, Format Version 12.00
# Visual Studio 15
Project("{FAE04EC0-301F-11D3-BF4B-00C04F79EFBC}") = "NotificationsTest.Android", "NotificationsTest.Android\NotificationsTest.Android.csproj", "{1A403DB9-8AFB-469F-A744-674FED208C3C}"
EndProject
Project("{FAE04EC0-301F-11D3-BF4B-00C04F79EFBC}") = "NotificationsTest.iOS", "NotificationsTest.iOS\NotificationsTest.iOS.csproj", "{486646CF-5E43-4963-A087-4D043A23B302}"
EndProject
Project("{FAE04EC0-301F-11D3-BF4B-00C04F79EFBC}") = "NotificationsTest", "NotificationsTest\NotificationsTest.csproj", "{AAC4BAA2-278A-4135-9CE1-9A51958A6AD4}"
EndProject
Global
	GlobalSection(SolutionConfigurationPlatforms) = preSolution
		Debug|Any CPU = Debug|Any CPU
		Release|Any CPU = Release|Any CPU
		Debug|iPhoneSimulator = Debug|iPhoneSimulator
		Release|iPhoneSimulator = Release|iPhoneSimulator
		Debug|iPhone = Debug|iPhone
		Release|iPhone = Release|iPhone
	EndGlobalSection
	GlobalSection(ProjectConfigurationPlatforms) = postSolution
		{1A403DB9-8AFB-469F-A744-674FED208C3C}.Debug|Any CPU.ActiveCfg = Debug|Any CPU
		{1A403DB9-8AFB-469F-A744-674FED208C3C}.Debug|Any CPU.Build.0 = Debug|Any CPU
		{1A403DB9-8AFB-469F-A744-674FED208C3C}.Release|Any CPU.ActiveCfg = Release|Any CPU
		{1A403DB9-8AFB-469F-A744-674FED208C3C}.Release|Any CPU.Build.0 = Release|Any CPU
		{1A403DB9-8AFB-469F-A744-674FED208C3C}.Debug|iPhoneSimulator.ActiveCfg = Debug|Any CPU
		{1A403DB9-8AFB-469F-A744-674FED208C3C}.Debug|iPhoneSimulator.Build.0 = Debug|Any CPU
		{1A403DB9-8AFB-469F-A744-674FED208C3C}.Release|iPhoneSimulator.ActiveCfg = Release|Any CPU
		{1A403DB9-8AFB-469F-A744-674FED208C3C}.Release|iPhoneSimulator.Build.0 = Release|Any CPU
		{1A403DB9-8AFB-469F-A744-674FED208C3C}.Debug|iPhone.ActiveCfg = Debug|Any CPU
		{1A403DB9-8AFB-469F-A744-674FED208C3C}.Debug|iPhone.Build.0 = Debug|Any CPU
		{1A403DB9-8AFB-469F-A744-674FED208C3C}.Release|iPhone.ActiveCfg = Release|Any CPU
		{1A403DB9-8AFB-469F-A744-674FED208C3C}.Release|iPhone.Build.0 = Release|Any CPU
		{486646CF-5E43-4963-A087-4D043A23B302}.Debug|Any CPU.ActiveCfg = Debug|iPhoneSimulator
		{486646CF-5E43-4963-A087-4D043A23B302}.Debug|Any CPU.Build.0 = Debug|iPhoneSimulator
		{486646CF-5E43-4963-A087-4D043A23B302}.Release|Any CPU.ActiveCfg = Release|iPhoneSimulator
		{486646CF-5E43-4963-A087-4D043A23B302}.Release|Any CPU.Build.0 = Release|iPhoneSimulator
		{486646CF-5E43-4963-A087-4D043A23B302}.Debug|iPhoneSimulator.ActiveCfg = Debug|iPhoneSimulator
		{486646CF-5E43-4963-A087-4D043A23B302}.Debug|iPhoneSimulator.Build.0 = Debug|iPhoneSimulator
		{486646CF-5E43-4963-A087-4D043A23B302}.Release|iPhoneSimulator.ActiveCfg = Release|iPhoneSimulator
		{486646CF-5E43-4963-A087-4D043A23B302}.Release|iPhoneSimulator.Build.0 = Release|iPhoneSimulator
		{486646CF-5E43-4963-A087-4D043A23B302}.Debug|iPhone.ActiveCfg = Debug|iPhone
		{486646CF-5E43-4963-A087-4D043A23B302}.Debug|iPhone.Build.0 = Debug|iPhone
		{486646CF-5E43-4963-A087-4D043A23B302}.Release|iPhone.ActiveCfg = Release|iPhone
		{486646CF-5E43-4963-A087-4D043A23B302}.Release|iPhone.Build.0 = Release|iPhone
		{AAC4BAA2-278A-4135-9CE1-9A51958A6AD4}.Debug|Any CPU.ActiveCfg = Debug|Any CPU
		{AAC4BAA2-278A-4135-9CE1-9A51958A6AD4}.Debug|Any CPU.Build.0 = Debug|Any CPU
		{AAC4BAA2-278A-4135-9CE1-9A51958A6AD4}.Release|Any CPU.ActiveCfg = Release|Any CPU
		{AAC4BAA2-278A-4135-9CE1-9A51958A6AD4}.Release|Any CPU.Build.0 = Release|Any CPU
		{AAC4BAA2-278A-4135-9CE1-9A51958A6AD4}.Debug|iPhoneSimulator.ActiveCfg = Debug|Any CPU
		{AAC4BAA2-278A-4135-9CE1-9A51958A6AD4}.Debug|iPhoneSimulator.Build.0 = Debug|Any CPU
		{AAC4BAA2-278A-4135-9CE1-9A51958A6AD4}.Release|iPhoneSimulator.ActiveCfg = Release|Any CPU
		{AAC4BAA2-278A-4135-9CE1-9A51958A6AD4}.Release|iPhoneSimulator.Build.0 = Release|Any CPU
		{AAC4BAA2-278A-4135-9CE1-9A51958A6AD4}.Debug|iPhone.ActiveCfg = Debug|Any CPU
		{AAC4BAA2-278A-4135-9CE1-9A51958A6AD4}.Debug|iPhone.Build.0 = Debug|Any CPU
		{AAC4BAA2-278A-4135-9CE1-9A51958A6AD4}.Release|iPhone.ActiveCfg = Release|Any CPU
		{AAC4BAA2-278A-4135-9CE1-9A51958A6AD4}.Release|iPhone.Build.0 = Release|Any CPU
	EndGlobalSection
EndGlobal
